
Microsoft Visual Studio Solution File, Format Version 12.00
# Visual Studio Version 17
VisualStudioVersion = 17.13.35818.85 d17.13
MinimumVisualStudioVersion = 10.0.40219.1
Project("{FAE04EC0-301F-11D3-BF4B-00C04F79EFBC}") = "AdditionCalc", "AdditionCalc\AdditionCalc.csproj", "{EAA4EF36-9EFC-4822-9910-B8EEF78283B8}"
EndProject
Global
	GlobalSection(SolutionConfigurationPlatforms) = preSolution
		Debug|Any CPU = Debug|Any CPU
		Release|Any CPU = Release|Any CPU
	EndGlobalSection
	GlobalSection(ProjectConfigurationPlatforms) = postSolution
		{EAA4EF36-9EFC-4822-9910-B8EEF78283B8}.Debug|Any CPU.ActiveCfg = Debug|Any CPU
		{EAA4EF36-9EFC-4822-9910-B8EEF78283B8}.Debug|Any CPU.Build.0 = Debug|Any CPU
		{EAA4EF36-9EFC-4822-9910-B8EEF78283B8}.Release|Any CPU.ActiveCfg = Release|Any CPU
		{EAA4EF36-9EFC-4822-9910-B8EEF78283B8}.Release|Any CPU.Build.0 = Release|Any CPU
	EndGlobalSection
	GlobalSection(SolutionProperties) = preSolution
		HideSolutionNode = FALSE
	EndGlobalSection
	GlobalSection(ExtensibilityGlobals) = postSolution
		SolutionGuid = {B7047D36-2A05-45E5-82F6-6D49E6F895A2}
	EndGlobalSection
EndGlobal
